PODS:
  - AsyncSwift (2.0.4)
  - MBProgressHUD (1.2.0)

DEPENDENCIES:
  - AsyncSwift
  - MBProgressHUD

SPEC REPOS:
  trunk:
    - AsyncSwift
    - MBProgressHUD

SPEC CHECKSUMS:
  AsyncSwift: 65775a7b32e740609b24969ece3de58723b9dc3e
  MBProgressHUD: 3ee5efcc380f6a79a7cc9b363dd669c5e1ae7406

PODFILE CHECKSUM: c7c8bf3deb09e7f752b3db2a8de67664f46d2b8c

COCOAPODS: 1.8.3
